apiVersion: vendir.k14s.io/v1alpha1
directories:
- contents:
  - githubRelease:
      tag: v2.4.0
      url: https://api.github.com/repos/todbot/blink1-tool/releases/264944761
    path: linux-arm64
  - githubRelease:
      tag: v2.4.0
      url: https://api.github.com/repos/todbot/blink1-tool/releases/264944761
    path: linux-amd64
  path: vendor
kind: LockConfig
